// !$*UTF8*$!
{
	archiveVersion = 1;
	classes = {
	};
	objectVersion = 46;
	objects = {

/* Begin PBXBuildFile section */
		9DDBDC8E19BD80D700A6AE09 /* tui.cpp in Sources */ = {isa = PBXBuildFile; fileRef = 9DDBDC8B19BD80D700A6AE09 /* tui.cpp */; };
		9DDBDC9019BD80E600A6AE09 /* main.cpp in Sources */ = {isa = PBXBuildFile; fileRef = 9DDBDC8F19BD80E600A6AE09 /* main.cpp */; };
/* End PBXBuildFile section */

/* Begin PBXContainerItemProxy section */
		9DDBDC7719BD809900A6AE09 /* PBXContainerItemProxy */ = {
			isa = PBXContainerItemProxy;
			containerPortal = 9DDBDC4F19BD809900A6AE09 /* Project object */;
			proxyType = 1;
			remoteGlobalIDString = 9DDBDC5619BD809900A6AE09;
			remoteInfo = pa5;
		};
/* End PBXContainerItemProxy section */

/* Begin PBXFileReference section */
		9DDBDC5719BD809900A6AE09 /* pa5.app */ = {isa = PBXFileReference; explicitFileType = wrapper.application; includeInIndex = 0; name = pa5.app; path = "/Users/Felicia/Desktop/cs32_pa5/pa5/build/Debug-iphoneos/pa5.app"; sourceTree = "<absolute>"; };
		9DDBDC7219BD809900A6AE09 /* pa5Tests.xctest */ = {isa = PBXFileReference; explicitFileType = wrapper.cfbundle; includeInIndex = 0; name = pa5Tests.xctest; path = "/Users/Felicia/Desktop/cs32_pa5/pa5/build/Debug-iphoneos/pa5Tests.xctest"; sourceTree = "<absolute>"; };
		9DDBDC8919BD80D700A6AE09 /* screen.h */ = {isa = PBXFileReference; fileEncoding = 4; lastKnownFileType = sourcecode.c.h; name = screen.h; path = ../../screen.h; sourceTree = "<group>"; };
		9DDBDC8B19BD80D700A6AE09 /* tui.cpp */ = {isa = PBXFileReference; fileEncoding = 4; lastKnownFileType = sourcecode.cpp.cpp; name = tui.cpp; path = ../../tui.cpp; sourceTree = "<group>"; };
		9DDBDC8C19BD80D700A6AE09 /* tui.h */ = {isa = PBXFileReference; fileEncoding = 4; lastKnownFileType = sourcecode.c.h; name = tui.h; path = ../../tui.h; sourceTree = "<group>"; };
		9DDBDC8F19BD80E600A6AE09 /* main.cpp */ = {isa = PBXFileReference; fileEncoding = 4; lastKnownFileType = sourcecode.cpp.cpp; name = main.cpp; path = ../../main.cpp; sourceTree = "<group>"; };
/* End PBXFileReference section */

/* Begin PBXFrameworksBuildPhase section */
		9DDBDC5419BD809900A6AE09 /* Frameworks */ = {
			isa = PBXFrameworksBuildPhase;
			buildActionMask = 2147483647;
			files = (
			);
			runOnlyForDeploymentPostprocessing = 0;
		};
		9DDBDC6F19BD809900A6AE09 /* Frameworks */ = {
			isa = PBXFrameworksBuildPhase;
			buildActionMask = 2147483647;
			files = (
			);
			runOnlyForDeploymentPostprocessing = 0;
		};
/* End PBXFrameworksBuildPhase section */

/* Begin PBXGroup section */
		9DDBDC4E19BD809900A6AE09 = {
			isa = PBXGroup;
			children = (
				9DDBDC6019BD809900A6AE09 /* pa5 */,
			);
			sourceTree = "<group>";
		};
		9DDBDC6019BD809900A6AE09 /* pa5 */ = {
			isa = PBXGroup;
			children = (
				9DDBDC8F19BD80E600A6AE09 /* main.cpp */,
				9DDBDC8919BD80D700A6AE09 /* screen.h */,
				9DDBDC8B19BD80D700A6AE09 /* tui.cpp */,
				9DDBDC8C19BD80D700A6AE09 /* tui.h */,
			);
			path = pa5;
			sourceTree = "<group>";
		};
/* End PBXGroup section */

/* Begin PBXNativeTarget section */
		9DDBDC5619BD809900A6AE09 /* pa5 */ = {
			isa = PBXNativeTarget;
			buildConfigurationList = 9DDBDC8319BD809900A6AE09 /* Build configuration list for PBXNativeTarget "pa5" */;
			buildPhases = (
				9DDBDC5319BD809900A6AE09 /* Sources */,
				9DDBDC5419BD809900A6AE09 /* Frameworks */,
				9DDBDC5519BD809900A6AE09 /* Resources */,
			);
			buildRules = (
			);
			dependencies = (
			);
			name = pa5;
			productName = pa5;
			productReference = 9DDBDC5719BD809900A6AE09 /* pa5.app */;
			productType = "com.apple.product-type.application";
		};
		9DDBDC7119BD809900A6AE09 /* pa5Tests */ = {
			isa = PBXNativeTarget;
			buildConfigurationList = 9DDBDC8619BD809900A6AE09 /* Build configuration list for PBXNativeTarget "pa5Tests" */;
			buildPhases = (
				9DDBDC6E19BD809900A6AE09 /* Sources */,
				9DDBDC6F19BD809900A6AE09 /* Frameworks */,
				9DDBDC7019BD809900A6AE09 /* Resources */,
			);
			buildRules = (
			);
			dependencies = (
				9DDBDC7819BD809900A6AE09 /* PBXTargetDependency */,
			);
			name = pa5Tests;
			productName = pa5Tests;
			productReference = 9DDBDC7219BD809900A6AE09 /* pa5Tests.xctest */;
			productType = "com.apple.product-type.bundle.unit-test";
		};
/* End PBXNativeTarget section */

/* Begin PBXProject section */
		9DDBDC4F19BD809900A6AE09 /* Project object */ = {
			isa = PBXProject;
			attributes = {
				LastUpgradeCheck = 0510;
				ORGANIZATIONNAME = Felicia;
				TargetAttributes = {
					9DDBDC7119BD809900A6AE09 = {
						TestTargetID = 9DDBDC5619BD809900A6AE09;
					};
				};
			};
			buildConfigurationList = 9DDBDC5219BD809900A6AE09 /* Build configuration list for PBXProject "pa5" */;
			compatibilityVersion = "Xcode 3.2";
			developmentRegion = English;
			hasScannedForEncodings = 0;
			knownRegions = (
				en,
			);
			mainGroup = 9DDBDC4E19BD809900A6AE09;
			productRefGroup = 9DDBDC4E19BD809900A6AE09;
			projectDirPath = "";
			projectRoot = "";
			targets = (
				9DDBDC5619BD809900A6AE09 /* pa5 */,
				9DDBDC7119BD809900A6AE09 /* pa5Tests */,
			);
		};
/* End PBXProject section */

/* Begin PBXResourcesBuildPhase section */
		9DDBDC5519BD809900A6AE09 /* Resources */ = {
			isa = PBXResourcesBuildPhase;
			buildActionMask = 2147483647;
			files = (
			);
			runOnlyForDeploymentPostprocessing = 0;
		};
		9DDBDC7019BD809900A6AE09 /* Resources */ = {
			isa = PBXResourcesBuildPhase;
			buildActionMask = 2147483647;
			files = (
			);
			runOnlyForDeploymentPostprocessing = 0;
		};
/* End PBXResourcesBuildPhase section */

/* Begin PBXSourcesBuildPhase section */
		9DDBDC5319BD809900A6AE09 /* Sources */ = {
			isa = PBXSourcesBuildPhase;
			buildActionMask = 2147483647;
			files = (
				9DDBDC8E19BD80D700A6AE09 /* tui.cpp in Sources */,
				9DDBDC9019BD80E600A6AE09 /* main.cpp in Sources */,
			);
			runOnlyForDeploymentPostprocessing = 0;
		};
		9DDBDC6E19BD809900A6AE09 /* Sources */ = {
			isa = PBXSourcesBuildPhase;
			buildActionMask = 2147483647;
			files = (
			);
			runOnlyForDeploymentPostprocessing = 0;
		};
/* End PBXSourcesBuildPhase section */

/* Begin PBXTargetDependency section */
		9DDBDC7819BD809900A6AE09 /* PBXTargetDependency */ = {
			isa = PBXTargetDependency;
			target = 9DDBDC5619BD809900A6AE09 /* pa5 */;
			targetProxy = 9DDBDC7719BD809900A6AE09 /* PBXContainerItemProxy */;
		};
/* End PBXTargetDependency section */

/* Begin XCBuildConfiguration section */
		9DDBDC8119BD809900A6AE09 /* Debug */ = {
			isa = XCBuildConfiguration;
			buildSettings = {
				ALWAYS_SEARCH_USER_PATHS = NO;
				CLANG_CXX_LANGUAGE_STANDARD = "gnu++0x";
				CLANG_CXX_LIBRARY = "libc++";
				CLANG_ENABLE_MODULES = YES;
				CLANG_ENABLE_OBJC_ARC = YES;
				CLANG_WARN_BOOL_CONVERSION = YES;
				CLANG_WARN_CONSTANT_CONVERSION = YES;
				CLANG_WARN_DIRECT_OBJC_ISA_USAGE = YES_ERROR;
				CLANG_WARN_EMPTY_BODY = YES;
				CLANG_WARN_ENUM_CONVERSION = YES;
				CLANG_WARN_INT_CONVERSION = YES;
				CLANG_WARN_OBJC_ROOT_CLASS = YES_ERROR;
				CLANG_WARN__DUPLICATE_METHOD_MATCH = YES;
				"CODE_SIGN_IDENTITY[sdk=iphoneos*]" = "iPhone Developer";
				COPY_PHASE_STRIP = NO;
				GCC_C_LANGUAGE_STANDARD = gnu99;
				GCC_DYNAMIC_NO_PIC = NO;
				GCC_OPTIMIZATION_LEVEL = 0;
				GCC_PREPROCESSOR_DEFINITIONS = (
					"DEBUG=1",
					"$(inherited)",
				);
				GCC_SYMBOLS_PRIVATE_EXTERN = NO;
				GCC_WARN_64_TO_32_BIT_CONVERSION = YES;
				GCC_WARN_ABOUT_RETURN_TYPE = YES_ERROR;
				GCC_WARN_UNDECLARED_SELECTOR = YES;
				GCC_WARN_UNINITIALIZED_AUTOS = YES_AGGRESSIVE;
				GCC_WARN_UNUSED_FUNCTION = YES;
				GCC_WARN_UNUSED_VARIABLE = YES;
				IPHONEOS_DEPLOYMENT_TARGET = 7.1;
				ONLY_ACTIVE_ARCH = YES;
				SDKROOT = iphoneos;
				TARGETED_DEVICE_FAMILY = "1,2";
			};
			name = Debug;
		};
		9DDBDC8219BD809900A6AE09 /* Release */ = {
			isa = XCBuildConfiguration;
			buildSettings = {
				ALWAYS_SEARCH_USER_PATHS = NO;
				CLANG_CXX_LANGUAGE_STANDARD = "gnu++0x";
				CLANG_CXX_LIBRARY = "libc++";
				CLANG_ENABLE_MODULES = YES;
				CLANG_ENABLE_OBJC_ARC = YES;
				CLANG_WARN_BOOL_CONVERSION = YES;
				CLANG_WARN_CONSTANT_CONVERSION = YES;
				CLANG_WARN_DIRECT_OBJC_ISA_USAGE = YES_ERROR;
				CLANG_WARN_EMPTY_BODY = YES;
				CLANG_WARN_ENUM_CONVERSION = YES;
				CLANG_WARN_INT_CONVERSION = YES;
				CLANG_WARN_OBJC_ROOT_CLASS = YES_ERROR;
				CLANG_WARN__DUPLICATE_METHOD_MATCH = YES;
				"CODE_SIGN_IDENTITY[sdk=iphoneos*]" = "iPhone Developer";
				COPY_PHASE_STRIP = YES;
				ENABLE_NS_ASSERTIONS = NO;
				GCC_C_LANGUAGE_STANDARD = gnu99;
				GCC_WARN_64_TO_32_BIT_CONVERSION = YES;
				GCC_WARN_ABOUT_RETURN_TYPE = YES_ERROR;
				GCC_WARN_UNDECLARED_SELECTOR = YES;
				GCC_WARN_UNINITIALIZED_AUTOS = YES_AGGRESSIVE;
				GCC_WARN_UNUSED_FUNCTION = YES;
				GCC_WARN_UNUSED_VARIABLE = YES;
				IPHONEOS_DEPLOYMENT_TARGET = 7.1;
				SDKROOT = iphoneos;
				TARGETED_DEVICE_FAMILY = "1,2";
				VALIDATE_PRODUCT = YES;
			};
			name = Release;
		};
		9DDBDC8419BD809900A6AE09 /* Debug */ = {
			isa = XCBuildConfiguration;
			buildSettings = {
				ASSETCATALOG_COMPILER_APPICON_NAME = AppIcon;
				ASSETCATALOG_COMPILER_LAUNCHIMAGE_NAME = LaunchImage;
				GCC_PRECOMPILE_PREFIX_HEADER = YES;
				GCC_PREFIX_HEADER = "pa5/pa5-Prefix.pch";
				INFOPLIST_FILE = "pa5/pa5-Info.plist";
				PRODUCT_NAME = "$(TARGET_NAME)";
				WRAPPER_EXTENSION = app;
			};
			name = Debug;
		};
		9DDBDC8519BD809900A6AE09 /* Release */ = {
			isa = XCBuildConfiguration;
			buildSettings = {
				ASSETCATALOG_COMPILER_APPICON_NAME = AppIcon;
				ASSETCATALOG_COMPILER_LAUNCHIMAGE_NAME = LaunchImage;
				GCC_PRECOMPILE_PREFIX_HEADER = YES;
				GCC_PREFIX_HEADER = "pa5/pa5-Prefix.pch";
				INFOPLIST_FILE = "pa5/pa5-Info.plist";
				PRODUCT_NAME = "$(TARGET_NAME)";
				WRAPPER_EXTENSION = app;
			};
			name = Release;
		};
		9DDBDC8719BD809900A6AE09 /* Debug */ = {
			isa = XCBuildConfiguration;
			buildSettings = {
				BUNDLE_LOADER = "$(BUILT_PRODUCTS_DIR)/pa5.app/pa5";
				FRAMEWORK_SEARCH_PATHS = (
					"$(SDKROOT)/Developer/Library/Frameworks",
					"$(inherited)",
					"$(DEVELOPER_FRAMEWORKS_DIR)",
				);
				GCC_PRECOMPILE_PREFIX_HEADER = YES;
				GCC_PREFIX_HEADER = "pa5/pa5-Prefix.pch";
				GCC_PREPROCESSOR_DEFINITIONS = (
					"DEBUG=1",
					"$(inherited)",
				);
				INFOPLIST_FILE = "pa5Tests/pa5Tests-Info.plist";
				PRODUCT_NAME = "$(TARGET_NAME)";
				TEST_HOST = "$(BUNDLE_LOADER)";
				WRAPPER_EXTENSION = xctest;
			};
			name = Debug;
		};
		9DDBDC8819BD809900A6AE09 /* Release */ = {
			isa = XCBuildConfiguration;
			buildSettings = {
				BUNDLE_LOADER = "$(BUILT_PRODUCTS_DIR)/pa5.app/pa5";
				FRAMEWORK_SEARCH_PATHS = (
					"$(SDKROOT)/Developer/Library/Frameworks",
					"$(inherited)",
					"$(DEVELOPER_FRAMEWORKS_DIR)",
				);
				GCC_PRECOMPILE_PREFIX_HEADER = YES;
				GCC_PREFIX_HEADER = "pa5/pa5-Prefix.pch";
				INFOPLIST_FILE = "pa5Tests/pa5Tests-Info.plist";
				PRODUCT_NAME = "$(TARGET_NAME)";
				TEST_HOST = "$(BUNDLE_LOADER)";
				WRAPPER_EXTENSION = xctest;
			};
			name = Release;
		};
/* End XCBuildConfiguration section */

/* Begin XCConfigurationList section */
		9DDBDC5219BD809900A6AE09 /* Build configuration list for PBXProject "pa5" */ = {
			isa = XCConfigurationList;
			buildConfigurations = (
				9DDBDC8119BD809900A6AE09 /* Debug */,
				9DDBDC8219BD809900A6AE09 /* Release */,
			);
			defaultConfigurationIsVisible = 0;
			defaultConfigurationName = Release;
		};
		9DDBDC8319BD809900A6AE09 /* Build configuration list for PBXNativeTarget "pa5" */ = {
			isa = XCConfigurationList;
			buildConfigurations = (
				9DDBDC8419BD809900A6AE09 /* Debug */,
				9DDBDC8519BD809900A6AE09 /* Release */,
			);
			defaultConfigurationIsVisible = 0;
		};
		9DDBDC8619BD809900A6AE09 /* Build configuration list for PBXNativeTarget "pa5Tests" */ = {
			isa = XCConfigurationList;
			buildConfigurations = (
				9DDBDC8719BD809900A6AE09 /* Debug */,
				9DDBDC8819BD809900A6AE09 /* Release */,
			);
			defaultConfigurationIsVisible = 0;
		};
/* End XCConfigurationList section */
	};
	rootObject = 9DDBDC4F19BD809900A6AE09 /* Project object */;
}
