// !$*UTF8*$!
{
	archiveVersion = 1;
	classes = {
	};
	objectVersion = 46;
	objects = {

/* Begin PBXBuildFile section */
		2FC9734019BCF47900E00576 /* tui.cpp in Sources */ = {isa = PBXBuildFile; fileRef = 2FC9733C19BCF47900E00576 /* tui.cpp */; };
		2FC9734619BD22B900E00576 /* main.cpp in Sources */ = {isa = PBXBuildFile; fileRef = 2FC9734119BCF48B00E00576 /* main.cpp */; };
/* End PBXBuildFile section */

/* Begin PBXCopyFilesBuildPhase section */
		2FC9732D19BCF44800E00576 /* CopyFiles */ = {
			isa = PBXCopyFilesBuildPhase;
			buildActionMask = 2147483647;
			dstPath = /usr/share/man/man1/;
			dstSubfolderSpec = 0;
			files = (
			);
			runOnlyForDeploymentPostprocessing = 1;
		};
/* End PBXCopyFilesBuildPhase section */

/* Begin PBXFileReference section */
		2FC9732F19BCF44800E00576 /* pa5 */ = {isa = PBXFileReference; explicitFileType = "compiled.mach-o.executable"; includeInIndex = 0; path = pa5; sourceTree = BUILT_PRODUCTS_DIR; };
		2FC9733919BCF47900E00576 /* screen-example.cpp */ = {isa = PBXFileReference; fileEncoding = 4; lastKnownFileType = sourcecode.cpp.cpp; name = "screen-example.cpp"; path = "../../screen-example.cpp"; sourceTree = "<group>"; };
		2FC9733A19BCF47900E00576 /* screen.h */ = {isa = PBXFileReference; fileEncoding = 4; lastKnownFileType = sourcecode.c.h; name = screen.h; path = ../../screen.h; sourceTree = "<group>"; };
		2FC9733B19BCF47900E00576 /* test-main.cpp */ = {isa = PBXFileReference; fileEncoding = 4; lastKnownFileType = sourcecode.cpp.cpp; name = "test-main.cpp"; path = "../../test-main.cpp"; sourceTree = "<group>"; };
		2FC9733C19BCF47900E00576 /* tui.cpp */ = {isa = PBXFileReference; fileEncoding = 4; lastKnownFileType = sourcecode.cpp.cpp; name = tui.cpp; path = ../../tui.cpp; sourceTree = "<group>"; };
		2FC9733D19BCF47900E00576 /* tui.h */ = {isa = PBXFileReference; fileEncoding = 4; lastKnownFileType = sourcecode.c.h; name = tui.h; path = ../../tui.h; sourceTree = "<group>"; };
		2FC9734119BCF48B00E00576 /* main.cpp */ = {isa = PBXFileReference; fileEncoding = 4; lastKnownFileType = sourcecode.cpp.cpp; name = main.cpp; path = ../../main.cpp; sourceTree = "<group>"; };
/* End PBXFileReference section */

/* Begin PBXFrameworksBuildPhase section */
		2FC9732C19BCF44800E00576 /* Frameworks */ = {
			isa = PBXFrameworksBuildPhase;
			buildActionMask = 2147483647;
			files = (
			);
			runOnlyForDeploymentPostprocessing = 0;
		};
/* End PBXFrameworksBuildPhase section */

/* Begin PBXGroup section */
		2FC9732619BCF44800E00576 = {
			isa = PBXGroup;
			children = (
				2FC9733119BCF44800E00576 /* pa5 */,
				2FC9733019BCF44800E00576 /* Products */,
			);
			sourceTree = "<group>";
		};
		2FC9733019BCF44800E00576 /* Products */ = {
			isa = PBXGroup;
			children = (
				2FC9732F19BCF44800E00576 /* pa5 */,
			);
			name = Products;
			sourceTree = "<group>";
		};
		2FC9733119BCF44800E00576 /* pa5 */ = {
			isa = PBXGroup;
			children = (
				2FC9734119BCF48B00E00576 /* main.cpp */,
				2FC9733919BCF47900E00576 /* screen-example.cpp */,
				2FC9733A19BCF47900E00576 /* screen.h */,
				2FC9733B19BCF47900E00576 /* test-main.cpp */,
				2FC9733C19BCF47900E00576 /* tui.cpp */,
				2FC9733D19BCF47900E00576 /* tui.h */,
			);
			path = pa5;
			sourceTree = "<group>";
		};
/* End PBXGroup section */

/* Begin PBXNativeTarget section */
		2FC9732E19BCF44800E00576 /* pa5 */ = {
			isa = PBXNativeTarget;
			buildConfigurationList = 2FC9733619BCF44800E00576 /* Build configuration list for PBXNativeTarget "pa5" */;
			buildPhases = (
				2FC9732B19BCF44800E00576 /* Sources */,
				2FC9732C19BCF44800E00576 /* Frameworks */,
				2FC9732D19BCF44800E00576 /* CopyFiles */,
			);
			buildRules = (
			);
			dependencies = (
			);
			name = pa5;
			productName = pa5;
			productReference = 2FC9732F19BCF44800E00576 /* pa5 */;
			productType = "com.apple.product-type.tool";
		};
/* End PBXNativeTarget section */

/* Begin PBXProject section */
		2FC9732719BCF44800E00576 /* Project object */ = {
			isa = PBXProject;
			attributes = {
				LastUpgradeCheck = 0600;
				ORGANIZATIONNAME = "FT: Felicia Truong & Tyler Weimin Ouyang";
				TargetAttributes = {
					2FC9732E19BCF44800E00576 = {
						CreatedOnToolsVersion = 6.0;
					};
				};
			};
			buildConfigurationList = 2FC9732A19BCF44800E00576 /* Build configuration list for PBXProject "pa5" */;
			compatibilityVersion = "Xcode 3.2";
			developmentRegion = English;
			hasScannedForEncodings = 0;
			knownRegions = (
				en,
			);
			mainGroup = 2FC9732619BCF44800E00576;
			productRefGroup = 2FC9733019BCF44800E00576 /* Products */;
			projectDirPath = "";
			projectRoot = "";
			targets = (
				2FC9732E19BCF44800E00576 /* pa5 */,
			);
		};
/* End PBXProject section */

/* Begin PBXSourcesBuildPhase section */
		2FC9732B19BCF44800E00576 /* Sources */ = {
			isa = PBXSourcesBuildPhase;
			buildActionMask = 2147483647;
			files = (
				2FC9734619BD22B900E00576 /* main.cpp in Sources */,
				2FC9734019BCF47900E00576 /* tui.cpp in Sources */,
			);
			runOnlyForDeploymentPostprocessing = 0;
		};
/* End PBXSourcesBuildPhase section */

/* Begin XCBuildConfiguration section */
		2FC9733419BCF44800E00576 /* Debug */ = {
			isa = XCBuildConfiguration;
			buildSettings = {
				ALWAYS_SEARCH_USER_PATHS = NO;
				CLANG_CXX_LANGUAGE_STANDARD = "gnu++0x";
				CLANG_CXX_LIBRARY = "libc++";
				CLANG_ENABLE_MODULES = YES;
				CLANG_ENABLE_OBJC_ARC = YES;
				CLANG_WARN_BOOL_CONVERSION = YES;
				CLANG_WARN_CONSTANT_CONVERSION = YES;
				CLANG_WARN_DIRECT_OBJC_ISA_USAGE = YES_ERROR;
				CLANG_WARN_EMPTY_BODY = YES;
				CLANG_WARN_ENUM_CONVERSION = YES;
				CLANG_WARN_INT_CONVERSION = YES;
				CLANG_WARN_OBJC_ROOT_CLASS = YES_ERROR;
				CLANG_WARN_UNREACHABLE_CODE = YES;
				CLANG_WARN__DUPLICATE_METHOD_MATCH = YES;
				COPY_PHASE_STRIP = NO;
				ENABLE_STRICT_OBJC_MSGSEND = YES;
				GCC_C_LANGUAGE_STANDARD = gnu99;
				GCC_DYNAMIC_NO_PIC = NO;
				GCC_OPTIMIZATION_LEVEL = 0;
				GCC_PREPROCESSOR_DEFINITIONS = (
					"DEBUG=1",
					"$(inherited)",
				);
				GCC_SYMBOLS_PRIVATE_EXTERN = NO;
				GCC_WARN_64_TO_32_BIT_CONVERSION = YES;
				GCC_WARN_ABOUT_RETURN_TYPE = YES_ERROR;
				GCC_WARN_UNDECLARED_SELECTOR = YES;
				GCC_WARN_UNINITIALIZED_AUTOS = YES_AGGRESSIVE;
				GCC_WARN_UNUSED_FUNCTION = YES;
				GCC_WARN_UNUSED_VARIABLE = YES;
				MACOSX_DEPLOYMENT_TARGET = 10.9;
				MTL_ENABLE_DEBUG_INFO = YES;
				ONLY_ACTIVE_ARCH = YES;
				SDKROOT = macosx;
			};
			name = Debug;
		};
		2FC9733519BCF44800E00576 /* Release */ = {
			isa = XCBuildConfiguration;
			buildSettings = {
				ALWAYS_SEARCH_USER_PATHS = NO;
				CLANG_CXX_LANGUAGE_STANDARD = "gnu++0x";
				CLANG_CXX_LIBRARY = "libc++";
				CLANG_ENABLE_MODULES = YES;
				CLANG_ENABLE_OBJC_ARC = YES;
				CLANG_WARN_BOOL_CONVERSION = YES;
				CLANG_WARN_CONSTANT_CONVERSION = YES;
				CLANG_WARN_DIRECT_OBJC_ISA_USAGE = YES_ERROR;
				CLANG_WARN_EMPTY_BODY = YES;
				CLANG_WARN_ENUM_CONVERSION = YES;
				CLANG_WARN_INT_CONVERSION = YES;
				CLANG_WARN_OBJC_ROOT_CLASS = YES_ERROR;
				CLANG_WARN_UNREACHABLE_CODE = YES;
				CLANG_WARN__DUPLICATE_METHOD_MATCH = YES;
				COPY_PHASE_STRIP = YES;
				DEBUG_INFORMATION_FORMAT = "dwarf-with-dsym";
				ENABLE_NS_ASSERTIONS = NO;
				ENABLE_STRICT_OBJC_MSGSEND = YES;
				GCC_C_LANGUAGE_STANDARD = gnu99;
				GCC_WARN_64_TO_32_BIT_CONVERSION = YES;
				GCC_WARN_ABOUT_RETURN_TYPE = YES_ERROR;
				GCC_WARN_UNDECLARED_SELECTOR = YES;
				GCC_WARN_UNINITIALIZED_AUTOS = YES_AGGRESSIVE;
				GCC_WARN_UNUSED_FUNCTION = YES;
				GCC_WARN_UNUSED_VARIABLE = YES;
				MACOSX_DEPLOYMENT_TARGET = 10.9;
				MTL_ENABLE_DEBUG_INFO = NO;
				SDKROOT = macosx;
			};
			name = Release;
		};
		2FC9733719BCF44800E00576 /* Debug */ = {
			isa = XCBuildConfiguration;
			buildSettings = {
				PRODUCT_NAME = "$(TARGET_NAME)";
			};
			name = Debug;
		};
		2FC9733819BCF44800E00576 /* Release */ = {
			isa = XCBuildConfiguration;
			buildSettings = {
				PRODUCT_NAME = "$(TARGET_NAME)";
			};
			name = Release;
		};
/* End XCBuildConfiguration section */

/* Begin XCConfigurationList section */
		2FC9732A19BCF44800E00576 /* Build configuration list for PBXProject "pa5" */ = {
			isa = XCConfigurationList;
			buildConfigurations = (
				2FC9733419BCF44800E00576 /* Debug */,
				2FC9733519BCF44800E00576 /* Release */,
			);
			defaultConfigurationIsVisible = 0;
			defaultConfigurationName = Release;
		};
		2FC9733619BCF44800E00576 /* Build configuration list for PBXNativeTarget "pa5" */ = {
			isa = XCConfigurationList;
			buildConfigurations = (
				2FC9733719BCF44800E00576 /* Debug */,
				2FC9733819BCF44800E00576 /* Release */,
			);
			defaultConfigurationIsVisible = 0;
		};
/* End XCConfigurationList section */
	};
	rootObject = 2FC9732719BCF44800E00576 /* Project object */;
}
